
Microsoft Visual Studio Solution File, Format Version 12.00
Project("{FAE04EC0-301F-11D3-BF4B-00C04F79EFBC}") = "Prolangle", "Prolangle\Prolangle.csproj", "{0EC37D46-D241-4BA4-97E9-98019EC9D8ED}"
EndProject
Project("{2150E333-8FDC-42A3-9474-1A3956D46DE8}") = "Solution Items", "Solution Items", "{2F0B2902-9BCC-435A-AC7C-8021DE379FC9}"
	ProjectSection(SolutionItems) = preProject
		.gitignore = .gitignore
		.editorconfig = .editorconfig
		CONTRIBUTING.md = CONTRIBUTING.md
		README.md = README.md
		Dockerfile = Dockerfile
		.dockerignore = .dockerignore
		nginx.conf = nginx.conf
		docker-compose.yml = docker-compose.yml
		CHANGELOG.md = CHANGELOG.md
		CODE_OF_CONDUCT.md = CODE_OF_CONDUCT.md
		Directory.Build.props = Directory.Build.props
	EndProjectSection
EndProject
Project("{FAE04EC0-301F-11D3-BF4B-00C04F79EFBC}") = "Prolangle.Tests", "Prolangle.Tests\Prolangle.Tests.csproj", "{7D716373-8C2B-4874-BE6B-0FE55E7BD230}"
EndProject
Project("{2150E333-8FDC-42A3-9474-1A3956D46DE8}") = ".github", ".github", "{C7B512EC-4A5B-418B-BE91-91C15DD9F7CA}"
EndProject
Project("{2150E333-8FDC-42A3-9474-1A3956D46DE8}") = "workflows", "workflows", "{C3E5C557-BA0C-42F0-BC30-F3F785110446}"
	ProjectSection(SolutionItems) = preProject
		.github\workflows\dotnet.yml = .github\workflows\dotnet.yml
		.github\workflows\changelog.yml = .github\workflows\changelog.yml
	EndProjectSection
EndProject
Project("{2150E333-8FDC-42A3-9474-1A3956D46DE8}") = "Docs", "Docs", "{46D98A1E-C11D-4D33-AAAB-B40822A48C73}"
	ProjectSection(SolutionItems) = preProject
		docs\Game Persistence.md = docs\Game Persistence.md
	EndProjectSection
EndProject
Project("{FAE04EC0-301F-11D3-BF4B-00C04F79EFBC}") = "Prolangle.Languages", "Prolangle.Languages\Prolangle.Languages.csproj", "{ADCA3232-C135-4906-BCCD-6E267D105163}"
EndProject
Project("{FAE04EC0-301F-11D3-BF4B-00C04F79EFBC}") = "Prolangle.Snippets", "Prolangle.Snippets\Prolangle.Snippets.csproj", "{D8EA2426-59F2-4FBD-83B0-356353757B1A}"
EndProject
Global
	GlobalSection(SolutionConfigurationPlatforms) = preSolution
		Debug|Any CPU = Debug|Any CPU
		Release|Any CPU = Release|Any CPU
	EndGlobalSection
	GlobalSection(ProjectConfigurationPlatforms) = postSolution
		{0EC37D46-D241-4BA4-97E9-98019EC9D8ED}.Debug|Any CPU.ActiveCfg = Debug|Any CPU
		{0EC37D46-D241-4BA4-97E9-98019EC9D8ED}.Debug|Any CPU.Build.0 = Debug|Any CPU
		{0EC37D46-D241-4BA4-97E9-98019EC9D8ED}.Release|Any CPU.ActiveCfg = Release|Any CPU
		{0EC37D46-D241-4BA4-97E9-98019EC9D8ED}.Release|Any CPU.Build.0 = Release|Any CPU
		{7D716373-8C2B-4874-BE6B-0FE55E7BD230}.Debug|Any CPU.ActiveCfg = Debug|Any CPU
		{7D716373-8C2B-4874-BE6B-0FE55E7BD230}.Debug|Any CPU.Build.0 = Debug|Any CPU
		{7D716373-8C2B-4874-BE6B-0FE55E7BD230}.Release|Any CPU.ActiveCfg = Release|Any CPU
		{7D716373-8C2B-4874-BE6B-0FE55E7BD230}.Release|Any CPU.Build.0 = Release|Any CPU
		{ADCA3232-C135-4906-BCCD-6E267D105163}.Debug|Any CPU.ActiveCfg = Debug|Any CPU
		{ADCA3232-C135-4906-BCCD-6E267D105163}.Debug|Any CPU.Build.0 = Debug|Any CPU
		{ADCA3232-C135-4906-BCCD-6E267D105163}.Release|Any CPU.ActiveCfg = Release|Any CPU
		{ADCA3232-C135-4906-BCCD-6E267D105163}.Release|Any CPU.Build.0 = Release|Any CPU
		{D8EA2426-59F2-4FBD-83B0-356353757B1A}.Debug|Any CPU.ActiveCfg = Debug|Any CPU
		{D8EA2426-59F2-4FBD-83B0-356353757B1A}.Debug|Any CPU.Build.0 = Debug|Any CPU
		{D8EA2426-59F2-4FBD-83B0-356353757B1A}.Release|Any CPU.ActiveCfg = Release|Any CPU
		{D8EA2426-59F2-4FBD-83B0-356353757B1A}.Release|Any CPU.Build.0 = Release|Any CPU
	EndGlobalSection
	GlobalSection(NestedProjects) = preSolution
		{C3E5C557-BA0C-42F0-BC30-F3F785110446} = {C7B512EC-4A5B-418B-BE91-91C15DD9F7CA}
		{46D98A1E-C11D-4D33-AAAB-B40822A48C73} = {2F0B2902-9BCC-435A-AC7C-8021DE379FC9}
	EndGlobalSection
EndGlobal
